// !$*UTF8*$!
{
	archiveVersion = 1;
	classes = {
	};
	objectVersion = 51;
	objects = {

/* Begin PBXBuildFile section */
		0D3773FD22B4D3FE000EFCCC /* CubeModel.swift in Sources */ = {isa = PBXBuildFile; fileRef = 0D3773FC22B4D3FE000EFCCC /* CubeModel.swift */; };
		0D37740022B4D9AE000EFCCC /* Result.swift in Sources */ = {isa = PBXBuildFile; fileRef = 0D3773FF22B4D9AE000EFCCC /* Result.swift */; };
		0D37740222B4E212000EFCCC /* Cube.swift in Sources */ = {isa = PBXBuildFile; fileRef = 0D37740122B4E212000EFCCC /* Cube.swift */; };
		0D37740422B4E247000EFCCC /* ToioPeripheral.swift in Sources */ = {isa = PBXBuildFile; fileRef = 0D37740322B4E247000EFCCC /* ToioPeripheral.swift */; };
		0D37740622B4E3B5000EFCCC /* Collection+Addition.swift in Sources */ = {isa = PBXBuildFile; fileRef = 0D37740522B4E3B5000EFCCC /* Collection+Addition.swift */; };
		0D94A75F22B4F3C800304AB7 /* Constant.swift in Sources */ = {isa = PBXBuildFile; fileRef = 0D94A75E22B4F3C800304AB7 /* Constant.swift */; };
		0D94A76122B50EC800304AB7 /* UIViewController+Addition.swift in Sources */ = {isa = PBXBuildFile; fileRef = 0D94A76022B50EC800304AB7 /* UIViewController+Addition.swift */; };
		0D9E320A22B5CE66007B97D7 /* WebViewController.swift in Sources */ = {isa = PBXBuildFile; fileRef = 0D9E320822B5CE66007B97D7 /* WebViewController.swift */; };
		0D9E320B22B5CE66007B97D7 /* WebViewController.xib in Resources */ = {isa = PBXBuildFile; fileRef = 0D9E320922B5CE66007B97D7 /* WebViewController.xib */; };
		0D9E324A22B5E263007B97D7 /* WebKit.framework in Frameworks */ = {isa = PBXBuildFile; fileRef = 0D9E324922B5E263007B97D7 /* WebKit.framework */; };
		0DA8BC3C22B495DC009AEB5A /* InformationViewController.swift in Sources */ = {isa = PBXBuildFile; fileRef = 0DA8BC3A22B495DC009AEB5A /* InformationViewController.swift */; };
		0DA8BC3D22B495DC009AEB5A /* InformationViewController.xib in Resources */ = {isa = PBXBuildFile; fileRef = 0DA8BC3B22B495DC009AEB5A /* InformationViewController.xib */; };
		0DA8BC4122B4977C009AEB5A /* ConnectViewController.swift in Sources */ = {isa = PBXBuildFile; fileRef = 0DA8BC3F22B4977C009AEB5A /* ConnectViewController.swift */; };
		0DA8BC4222B4977C009AEB5A /* ConnectViewController.xib in Resources */ = {isa = PBXBuildFile; fileRef = 0DA8BC4022B4977C009AEB5A /* ConnectViewController.xib */; };
		0DA8BC4522B498E4009AEB5A /* ConnectInjector.swift in Sources */ = {isa = PBXBuildFile; fileRef = 0DA8BC4422B498E4009AEB5A /* ConnectInjector.swift */; };
		0DA8BC4722B4990E009AEB5A /* Injector.swift in Sources */ = {isa = PBXBuildFile; fileRef = 0DA8BC4622B4990E009AEB5A /* Injector.swift */; };
		0DA8BC4922B49968009AEB5A /* ConnectPresenter.swift in Sources */ = {isa = PBXBuildFile; fileRef = 0DA8BC4822B49968009AEB5A /* ConnectPresenter.swift */; };
		0DA8BC4B22B49980009AEB5A /* ConnectWireframe.swift in Sources */ = {isa = PBXBuildFile; fileRef = 0DA8BC4A22B49980009AEB5A /* ConnectWireframe.swift */; };
		0DA8BC4F22B49AAA009AEB5A /* ConnectUseCase.swift in Sources */ = {isa = PBXBuildFile; fileRef = 0DA8BC4E22B49AAA009AEB5A /* ConnectUseCase.swift */; };
		0DA8BC5222B49CBE009AEB5A /* PhoneDeviceUseCase.swift in Sources */ = {isa = PBXBuildFile; fileRef = 0DA8BC5122B49CBE009AEB5A /* PhoneDeviceUseCase.swift */; };
		0DA8BC5422B49D7B009AEB5A /* BluetoothService.swift in Sources */ = {isa = PBXBuildFile; fileRef = 0DA8BC5322B49D7B009AEB5A /* BluetoothService.swift */; };
		0DA8BC5622B4A84D009AEB5A /* BluetoothError.swift in Sources */ = {isa = PBXBuildFile; fileRef = 0DA8BC5522B4A84D009AEB5A /* BluetoothError.swift */; };
		0DA8BC5922B4ABF9009AEB5A /* OtherInjector.swift in Sources */ = {isa = PBXBuildFile; fileRef = 0DA8BC5822B4ABF9009AEB5A /* OtherInjector.swift */; };
		0DC6BCDA22B3D02D00792ABB /* AppDelegate.swift in Sources */ = {isa = PBXBuildFile; fileRef = 0DC6BCD922B3D02D00792ABB /* AppDelegate.swift */; };
		0DC6BCDF22B3D02D00792ABB /* Main.storyboard in Resources */ = {isa = PBXBuildFile; fileRef = 0DC6BCDD22B3D02D00792ABB /* Main.storyboard */; };
		0DC6BCE122B3D02E00792ABB /* Assets.xcassets in Resources */ = {isa = PBXBuildFile; fileRef = 0DC6BCE022B3D02E00792ABB /* Assets.xcassets */; };
		0DC6BCE422B3D02E00792ABB /* LaunchScreen.storyboard in Resources */ = {isa = PBXBuildFile; fileRef = 0DC6BCE222B3D02E00792ABB /* LaunchScreen.storyboard */; };
		0DC6BCEF22B3D02E00792ABB /* ToioControllerTests.swift in Sources */ = {isa = PBXBuildFile; fileRef = 0DC6BCEE22B3D02E00792ABB /* ToioControllerTests.swift */; };
		0DC6BCFA22B3D02E00792ABB /* ToioControllerUITests.swift in Sources */ = {isa = PBXBuildFile; fileRef = 0DC6BCF922B3D02E00792ABB /* ToioControllerUITests.swift */; };
		0DC6BD0B22B3D6F000792ABB /* ControlViewController.swift in Sources */ = {isa = PBXBuildFile; fileRef = 0DC6BD0922B3D6F000792ABB /* ControlViewController.swift */; };
		0DC6BD0C22B3D6F000792ABB /* ControlViewController.xib in Resources */ = {isa = PBXBuildFile; fileRef = 0DC6BD0A22B3D6F000792ABB /* ControlViewController.xib */; };
		0DC6BD1022B3D82900792ABB /* UIColor+Addition.swift in Sources */ = {isa = PBXBuildFile; fileRef = 0DC6BD0F22B3D82900792ABB /* UIColor+Addition.swift */; };
		0DEB0FAA22B3E49B009E9D9C /* DirectionalPadUpButton.swift in Sources */ = {isa = PBXBuildFile; fileRef = 0DEB0FA922B3E49B009E9D9C /* DirectionalPadUpButton.swift */; };
		0DEB0FAC22B3E4A8009E9D9C /* DirectionalPadDownButton.swift in Sources */ = {isa = PBXBuildFile; fileRef = 0DEB0FAB22B3E4A8009E9D9C /* DirectionalPadDownButton.swift */; };
		0DEB0FAE22B3E4B5009E9D9C /* DirectionalPadLeftButton.swift in Sources */ = {isa = PBXBuildFile; fileRef = 0DEB0FAD22B3E4B5009E9D9C /* DirectionalPadLeftButton.swift */; };
		0DEB0FB022B3E4C4009E9D9C /* DirectionalPadRightButton.swift in Sources */ = {isa = PBXBuildFile; fileRef = 0DEB0FAF22B3E4C4009E9D9C /* DirectionalPadRightButton.swift */; };
		39BE09520250B2AE175FAB59 /* Pods_ToioControllerUITests.framework in Frameworks */ = {isa = PBXBuildFile; fileRef = 379AC7C24A671ED3D8F97AE1 /* Pods_ToioControllerUITests.framework */; };
		BD443728345BE94FE3227864 /* Pods_ToioController.framework in Frameworks */ = {isa = PBXBuildFile; fileRef = E3C45EC4FF5B4A2FE775A5B4 /* Pods_ToioController.framework */; };
		DFDE8266E2028DD25630D9C2 /* Pods_ToioControllerTests.framework in Frameworks */ = {isa = PBXBuildFile; fileRef = FD5D583772A16E301219CEA0 /* Pods_ToioControllerTests.framework */; };
/* End PBXBuildFile section */

/* Begin PBXContainerItemProxy section */
		0DC6BCEB22B3D02E00792ABB /* PBXContainerItemProxy */ = {
			isa = PBXContainerItemProxy;
			containerPortal = 0DC6BCCE22B3D02D00792ABB /* Project object */;
			proxyType = 1;
			remoteGlobalIDString = 0DC6BCD522B3D02D00792ABB;
			remoteInfo = ToioController;
		};
		0DC6BCF622B3D02E00792ABB /* PBXContainerItemProxy */ = {
			isa = PBXContainerItemProxy;
			containerPortal = 0DC6BCCE22B3D02D00792ABB /* Project object */;
			proxyType = 1;
			remoteGlobalIDString = 0DC6BCD522B3D02D00792ABB;
			remoteInfo = ToioController;
		};
/* End PBXContainerItemProxy section */

/* Begin PBXFileReference section */
		0D3773FC22B4D3FE000EFCCC /* CubeModel.swift */ = {isa = PBXFileReference; lastKnownFileType = sourcecode.swift; path = CubeModel.swift; sourceTree = "<group>"; };
		0D3773FF22B4D9AE000EFCCC /* Result.swift */ = {isa = PBXFileReference; lastKnownFileType = sourcecode.swift; path = Result.swift; sourceTree = "<group>"; };
		0D37740122B4E212000EFCCC /* Cube.swift */ = {isa = PBXFileReference; lastKnownFileType = sourcecode.swift; path = Cube.swift; sourceTree = "<group>"; };
		0D37740322B4E247000EFCCC /* ToioPeripheral.swift */ = {isa = PBXFileReference; lastKnownFileType = sourcecode.swift; path = ToioPeripheral.swift; sourceTree = "<group>"; };
		0D37740522B4E3B5000EFCCC /* Collection+Addition.swift */ = {isa = PBXFileReference; lastKnownFileType = sourcecode.swift; path = "Collection+Addition.swift"; sourceTree = "<group>"; };
		0D94A75E22B4F3C800304AB7 /* Constant.swift */ = {isa = PBXFileReference; lastKnownFileType = sourcecode.swift; path = Constant.swift; sourceTree = "<group>"; };
		0D94A76022B50EC800304AB7 /* UIViewController+Addition.swift */ = {isa = PBXFileReference; lastKnownFileType = sourcecode.swift; path = "UIViewController+Addition.swift"; sourceTree = "<group>"; };
		0D9E320822B5CE66007B97D7 /* WebViewController.swift */ = {isa = PBXFileReference; lastKnownFileType = sourcecode.swift; path = WebViewController.swift; sourceTree = "<group>"; };
		0D9E320922B5CE66007B97D7 /* WebViewController.xib */ = {isa = PBXFileReference; lastKnownFileType = file.xib; path = WebViewController.xib; sourceTree = "<group>"; };
		0D9E324922B5E263007B97D7 /* WebKit.framework */ = {isa = PBXFileReference; lastKnownFileType = wrapper.framework; name = WebKit.framework; path = System/Library/Frameworks/WebKit.framework; sourceTree = SDKROOT; };
		0DA8BC3A22B495DC009AEB5A /* InformationViewController.swift */ = {isa = PBXFileReference; lastKnownFileType = sourcecode.swift; path = InformationViewController.swift; sourceTree = "<group>"; };
		0DA8BC3B22B495DC009AEB5A /* InformationViewController.xib */ = {isa = PBXFileReference; lastKnownFileType = file.xib; path = InformationViewController.xib; sourceTree = "<group>"; };
		0DA8BC3F22B4977C009AEB5A /* ConnectViewController.swift */ = {isa = PBXFileReference; lastKnownFileType = sourcecode.swift; path = ConnectViewController.swift; sourceTree = "<group>"; };
		0DA8BC4022B4977C009AEB5A /* ConnectViewController.xib */ = {isa = PBXFileReference; lastKnownFileType = file.xib; path = ConnectViewController.xib; sourceTree = "<group>"; };
		0DA8BC4422B498E4009AEB5A /* ConnectInjector.swift */ = {isa = PBXFileReference; lastKnownFileType = sourcecode.swift; path = ConnectInjector.swift; sourceTree = "<group>"; };
		0DA8BC4622B4990E009AEB5A /* Injector.swift */ = {isa = PBXFileReference; lastKnownFileType = sourcecode.swift; path = Injector.swift; sourceTree = "<group>"; };
		0DA8BC4822B49968009AEB5A /* ConnectPresenter.swift */ = {isa = PBXFileReference; lastKnownFileType = sourcecode.swift; path = ConnectPresenter.swift; sourceTree = "<group>"; };
		0DA8BC4A22B49980009AEB5A /* ConnectWireframe.swift */ = {isa = PBXFileReference; lastKnownFileType = sourcecode.swift; path = ConnectWireframe.swift; sourceTree = "<group>"; };
		0DA8BC4E22B49AAA009AEB5A /* ConnectUseCase.swift */ = {isa = PBXFileReference; lastKnownFileType = sourcecode.swift; path = ConnectUseCase.swift; sourceTree = "<group>"; };
		0DA8BC5122B49CBE009AEB5A /* PhoneDeviceUseCase.swift */ = {isa = PBXFileReference; lastKnownFileType = sourcecode.swift; path = PhoneDeviceUseCase.swift; sourceTree = "<group>"; };
		0DA8BC5322B49D7B009AEB5A /* BluetoothService.swift */ = {isa = PBXFileReference; lastKnownFileType = sourcecode.swift; path = BluetoothService.swift; sourceTree = "<group>"; };
		0DA8BC5522B4A84D009AEB5A /* BluetoothError.swift */ = {isa = PBXFileReference; lastKnownFileType = sourcecode.swift; path = BluetoothError.swift; sourceTree = "<group>"; };
		0DA8BC5822B4ABF9009AEB5A /* OtherInjector.swift */ = {isa = PBXFileReference; lastKnownFileType = sourcecode.swift; path = OtherInjector.swift; sourceTree = "<group>"; };
		0DC6BCD622B3D02D00792ABB /* ToioController.app */ = {isa = PBXFileReference; explicitFileType = wrapper.application; includeInIndex = 0; path = ToioController.app; sourceTree = BUILT_PRODUCTS_DIR; };
		0DC6BCD922B3D02D00792ABB /* AppDelegate.swift */ = {isa = PBXFileReference; lastKnownFileType = sourcecode.swift; path = AppDelegate.swift; sourceTree = "<group>"; };
		0DC6BCDE22B3D02D00792ABB /* Base */ = {isa = PBXFileReference; lastKnownFileType = file.storyboard; name = Base; path = Base.lproj/Main.storyboard; sourceTree = "<group>"; };
		0DC6BCE022B3D02E00792ABB /* Assets.xcassets */ = {isa = PBXFileReference; lastKnownFileType = folder.assetcatalog; path = Assets.xcassets; sourceTree = "<group>"; };
		0DC6BCE322B3D02E00792ABB /* Base */ = {isa = PBXFileReference; lastKnownFileType = file.storyboard; name = Base; path = Base.lproj/LaunchScreen.storyboard; sourceTree = "<group>"; };
		0DC6BCE522B3D02E00792ABB /* Info.plist */ = {isa = PBXFileReference; lastKnownFileType = text.plist.xml; path = Info.plist; sourceTree = "<group>"; };
		0DC6BCEA22B3D02E00792ABB /* ToioControllerTests.xctest */ = {isa = PBXFileReference; explicitFileType = wrapper.cfbundle; includeInIndex = 0; path = ToioControllerTests.xctest; sourceTree = BUILT_PRODUCTS_DIR; };
		0DC6BCEE22B3D02E00792ABB /* ToioControllerTests.swift */ = {isa = PBXFileReference; lastKnownFileType = sourcecode.swift; path = ToioControllerTests.swift; sourceTree = "<group>"; };
		0DC6BCF022B3D02E00792ABB /* Info.plist */ = {isa = PBXFileReference; lastKnownFileType = text.plist.xml; path = Info.plist; sourceTree = "<group>"; };
		0DC6BCF522B3D02E00792ABB /* ToioControllerUITests.xctest */ = {isa = PBXFileReference; explicitFileType = wrapper.cfbundle; includeInIndex = 0; path = ToioControllerUITests.xctest; sourceTree = BUILT_PRODUCTS_DIR; };
		0DC6BCF922B3D02E00792ABB /* ToioControllerUITests.swift */ = {isa = PBXFileReference; lastKnownFileType = sourcecode.swift; path = ToioControllerUITests.swift; sourceTree = "<group>"; };
		0DC6BCFB22B3D02E00792ABB /* Info.plist */ = {isa = PBXFileReference; lastKnownFileType = text.plist.xml; path = Info.plist; sourceTree = "<group>"; };
		0DC6BD0922B3D6F000792ABB /* ControlViewController.swift */ = {isa = PBXFileReference; lastKnownFileType = sourcecode.swift; path = ControlViewController.swift; sourceTree = "<group>"; };
		0DC6BD0A22B3D6F000792ABB /* ControlViewController.xib */ = {isa = PBXFileReference; lastKnownFileType = file.xib; path = ControlViewController.xib; sourceTree = "<group>"; };
		0DC6BD0F22B3D82900792ABB /* UIColor+Addition.swift */ = {isa = PBXFileReference; lastKnownFileType = sourcecode.swift; path = "UIColor+Addition.swift"; sourceTree = "<group>"; };
		0DEB0FA922B3E49B009E9D9C /* DirectionalPadUpButton.swift */ = {isa = PBXFileReference; lastKnownFileType = sourcecode.swift; path = DirectionalPadUpButton.swift; sourceTree = "<group>"; };
		0DEB0FAB22B3E4A8009E9D9C /* DirectionalPadDownButton.swift */ = {isa = PBXFileReference; lastKnownFileType = sourcecode.swift; path = DirectionalPadDownButton.swift; sourceTree = "<group>"; };
		0DEB0FAD22B3E4B5009E9D9C /* DirectionalPadLeftButton.swift */ = {isa = PBXFileReference; lastKnownFileType = sourcecode.swift; path = DirectionalPadLeftButton.swift; sourceTree = "<group>"; };
		0DEB0FAF22B3E4C4009E9D9C /* DirectionalPadRightButton.swift */ = {isa = PBXFileReference; lastKnownFileType = sourcecode.swift; path = DirectionalPadRightButton.swift; sourceTree = "<group>"; };
		0DEB0FB122B3E4D7009E9D9C /* DirectionalPadUpButton.xib */ = {isa = PBXFileReference; lastKnownFileType = file.xib; path = DirectionalPadUpButton.xib; sourceTree = "<group>"; };
		0DEB0FB322B3E4E8009E9D9C /* DirectionalPadDownButton.xib */ = {isa = PBXFileReference; lastKnownFileType = file.xib; path = DirectionalPadDownButton.xib; sourceTree = "<group>"; };
		0DEB0FB522B3E4FB009E9D9C /* DirectionalPadLeftbutton.xib */ = {isa = PBXFileReference; lastKnownFileType = file.xib; path = DirectionalPadLeftbutton.xib; sourceTree = "<group>"; };
		0DEB0FB722B3E510009E9D9C /* DirectionalPadRightButton.xib */ = {isa = PBXFileReference; lastKnownFileType = file.xib; path = DirectionalPadRightButton.xib; sourceTree = "<group>"; };
		30FD08D7F2E8917429E005F9 /* Pods-ToioControllerTests.release.xcconfig */ = {isa = PBXFileReference; includeInIndex = 1; lastKnownFileType = text.xcconfig; name = "Pods-ToioControllerTests.release.xcconfig"; path = "Target Support Files/Pods-ToioControllerTests/Pods-ToioControllerTests.release.xcconfig"; sourceTree = "<group>"; };
		379AC7C24A671ED3D8F97AE1 /* Pods_ToioControllerUITests.framework */ = {isa = PBXFileReference; explicitFileType = wrapper.framework; includeInIndex = 0; path = Pods_ToioControllerUITests.framework; sourceTree = BUILT_PRODUCTS_DIR; };
		37DF927A28704A064FE75567 /* Pods-ToioControllerTests.debug.xcconfig */ = {isa = PBXFileReference; includeInIndex = 1; lastKnownFileType = text.xcconfig; name = "Pods-ToioControllerTests.debug.xcconfig"; path = "Target Support Files/Pods-ToioControllerTests/Pods-ToioControllerTests.debug.xcconfig"; sourceTree = "<group>"; };
		3881D1C7933616D0B9A1A87A /* Pods-ToioControllerUITests.release.xcconfig */ = {isa = PBXFileReference; includeInIndex = 1; lastKnownFileType = text.xcconfig; name = "Pods-ToioControllerUITests.release.xcconfig"; path = "Target Support Files/Pods-ToioControllerUITests/Pods-ToioControllerUITests.release.xcconfig"; sourceTree = "<group>"; };
		67F182DFFC13D927644E1204 /* Pods-ToioController.debug.xcconfig */ = {isa = PBXFileReference; includeInIndex = 1; lastKnownFileType = text.xcconfig; name = "Pods-ToioController.debug.xcconfig"; path = "Target Support Files/Pods-ToioController/Pods-ToioController.debug.xcconfig"; sourceTree = "<group>"; };
		D383107B99481EF468C9BE40 /* Pods-ToioControllerUITests.debug.xcconfig */ = {isa = PBXFileReference; includeInIndex = 1; lastKnownFileType = text.xcconfig; name = "Pods-ToioControllerUITests.debug.xcconfig"; path = "Target Support Files/Pods-ToioControllerUITests/Pods-ToioControllerUITests.debug.xcconfig"; sourceTree = "<group>"; };
		D57281A910749A9154FB1B1A /* Pods-ToioController.release.xcconfig */ = {isa = PBXFileReference; includeInIndex = 1; lastKnownFileType = text.xcconfig; name = "Pods-ToioController.release.xcconfig"; path = "Target Support Files/Pods-ToioController/Pods-ToioController.release.xcconfig"; sourceTree = "<group>"; };
		E3C45EC4FF5B4A2FE775A5B4 /* Pods_ToioController.framework */ = {isa = PBXFileReference; explicitFileType = wrapper.framework; includeInIndex = 0; path = Pods_ToioController.framework; sourceTree = BUILT_PRODUCTS_DIR; };
		FD5D583772A16E301219CEA0 /* Pods_ToioControllerTests.framework */ = {isa = PBXFileReference; explicitFileType = wrapper.framework; includeInIndex = 0; path = Pods_ToioControllerTests.framework; sourceTree = BUILT_PRODUCTS_DIR; };
/* End PBXFileReference section */

/* Begin PBXFrameworksBuildPhase section */
		0DC6BCD322B3D02D00792ABB /* Frameworks */ = {
			isa = PBXFrameworksBuildPhase;
			buildActionMask = 2147483647;
			files = (
				0D9E324A22B5E263007B97D7 /* WebKit.framework in Frameworks */,
				BD443728345BE94FE3227864 /* Pods_ToioController.framework in Frameworks */,
			);
			runOnlyForDeploymentPostprocessing = 0;
		};
		0DC6BCE722B3D02E00792ABB /* Frameworks */ = {
			isa = PBXFrameworksBuildPhase;
			buildActionMask = 2147483647;
			files = (
				DFDE8266E2028DD25630D9C2 /* Pods_ToioControllerTests.framework in Frameworks */,
			);
			runOnlyForDeploymentPostprocessing = 0;
		};
		0DC6BCF222B3D02E00792ABB /* Frameworks */ = {
			isa = PBXFrameworksBuildPhase;
			buildActionMask = 2147483647;
			files = (
				39BE09520250B2AE175FAB59 /* Pods_ToioControllerUITests.framework in Frameworks */,
			);
			runOnlyForDeploymentPostprocessing = 0;
		};
/* End PBXFrameworksBuildPhase section */

/* Begin PBXGroup section */
		0D3773FB22B4D3EE000EFCCC /* Model */ = {
			isa = PBXGroup;
			children = (
				0D3773FC22B4D3FE000EFCCC /* CubeModel.swift */,
			);
			path = Model;
			sourceTree = "<group>";
		};
		0D3773FE22B4D99B000EFCCC /* Common */ = {
			isa = PBXGroup;
			children = (
				0D3773FF22B4D9AE000EFCCC /* Result.swift */,
				0D94A75E22B4F3C800304AB7 /* Constant.swift */,
			);
			path = Common;
			sourceTree = "<group>";
		};
		0D9E320722B5CE4C007B97D7 /* Web */ = {
			isa = PBXGroup;
			children = (
				0D9E320822B5CE66007B97D7 /* WebViewController.swift */,
				0D9E320922B5CE66007B97D7 /* WebViewController.xib */,
			);
			path = Web;
			sourceTree = "<group>";
		};
		0DA8BC3E22B4976B009AEB5A /* Connect */ = {
			isa = PBXGroup;
			children = (
				0DA8BC3F22B4977C009AEB5A /* ConnectViewController.swift */,
				0DA8BC4822B49968009AEB5A /* ConnectPresenter.swift */,
				0DA8BC4A22B49980009AEB5A /* ConnectWireframe.swift */,
				0DA8BC4022B4977C009AEB5A /* ConnectViewController.xib */,
			);
			path = Connect;
			sourceTree = "<group>";
		};
		0DA8BC4322B498C8009AEB5A /* DI */ = {
			isa = PBXGroup;
			children = (
				0DA8BC4622B4990E009AEB5A /* Injector.swift */,
				0DA8BC4422B498E4009AEB5A /* ConnectInjector.swift */,
				0DA8BC5822B4ABF9009AEB5A /* OtherInjector.swift */,
			);
			path = DI;
			sourceTree = "<group>";
		};
		0DA8BC4C22B49A74009AEB5A /* Domain */ = {
			isa = PBXGroup;
			children = (
				0D3773FB22B4D3EE000EFCCC /* Model */,
				0DA8BC5022B49AD4009AEB5A /* Bluetooth */,
				0DA8BC4D22B49A93009AEB5A /* UseCase */,
			);
			path = Domain;
			sourceTree = "<group>";
		};
		0DA8BC4D22B49A93009AEB5A /* UseCase */ = {
			isa = PBXGroup;
			children = (
				0DA8BC4E22B49AAA009AEB5A /* ConnectUseCase.swift */,
				0DA8BC5122B49CBE009AEB5A /* PhoneDeviceUseCase.swift */,
			);
			path = UseCase;
			sourceTree = "<group>";
		};
		0DA8BC5022B49AD4009AEB5A /* Bluetooth */ = {
			isa = PBXGroup;
			children = (
				0DA8BC5322B49D7B009AEB5A /* BluetoothService.swift */,
				0D37740322B4E247000EFCCC /* ToioPeripheral.swift */,
				0D37740122B4E212000EFCCC /* Cube.swift */,
			);
			path = Bluetooth;
			sourceTree = "<group>";
		};
		0DA8BC5722B4A8CA009AEB5A /* Error */ = {
			isa = PBXGroup;
			children = (
				0DA8BC5522B4A84D009AEB5A /* BluetoothError.swift */,
			);
			path = Error;
			sourceTree = "<group>";
		};
		0DC6BCCD22B3D02D00792ABB = {
			isa = PBXGroup;
			children = (
				0DC6BCD822B3D02D00792ABB /* ToioController */,
				0DC6BCED22B3D02E00792ABB /* ToioControllerTests */,
				0DC6BCF822B3D02E00792ABB /* ToioControllerUITests */,
				0DC6BCD722B3D02D00792ABB /* Products */,
				73AF7AED384F3509C41B2FD0 /* Pods */,
				7906129FA4D20DBECF0CCC97 /* Frameworks */,
			);
			sourceTree = "<group>";
		};
		0DC6BCD722B3D02D00792ABB /* Products */ = {
			isa = PBXGroup;
			children = (
				0DC6BCD622B3D02D00792ABB /* ToioController.app */,
				0DC6BCEA22B3D02E00792ABB /* ToioControllerTests.xctest */,
				0DC6BCF522B3D02E00792ABB /* ToioControllerUITests.xctest */,
			);
			name = Products;
			sourceTree = "<group>";
		};
		0DC6BCD822B3D02D00792ABB /* ToioController */ = {
			isa = PBXGroup;
			children = (
				0D3773FE22B4D99B000EFCCC /* Common */,
				0DA8BC5722B4A8CA009AEB5A /* Error */,
				0DA8BC4C22B49A74009AEB5A /* Domain */,
				0DA8BC4322B498C8009AEB5A /* DI */,
				0DC6BD0E22B3D80F00792ABB /* Extension */,
				0DC6BD0D22B3D70E00792ABB /* Presentation */,
				0DC6BCD922B3D02D00792ABB /* AppDelegate.swift */,
				0DC6BCE022B3D02E00792ABB /* Assets.xcassets */,
				0DC6BCDD22B3D02D00792ABB /* Main.storyboard */,
				0DC6BCE222B3D02E00792ABB /* LaunchScreen.storyboard */,
				0DC6BCE522B3D02E00792ABB /* Info.plist */,
			);
			path = ToioController;
			sourceTree = "<group>";
		};
		0DC6BCED22B3D02E00792ABB /* ToioControllerTests */ = {
			isa = PBXGroup;
			children = (
				0DC6BCEE22B3D02E00792ABB /* ToioControllerTests.swift */,
				0DC6BCF022B3D02E00792ABB /* Info.plist */,
			);
			path = ToioControllerTests;
			sourceTree = "<group>";
		};
		0DC6BCF822B3D02E00792ABB /* ToioControllerUITests */ = {
			isa = PBXGroup;
			children = (
				0DC6BCF922B3D02E00792ABB /* ToioControllerUITests.swift */,
				0DC6BCFB22B3D02E00792ABB /* Info.plist */,
			);
			path = ToioControllerUITests;
			sourceTree = "<group>";
		};
		0DC6BD0D22B3D70E00792ABB /* Presentation */ = {
			isa = PBXGroup;
			children = (
				0D9E320722B5CE4C007B97D7 /* Web */,
				0DEB0FA322B3E39C009E9D9C /* CustomView */,
				0DEB0FB922B49559009E9D9C /* Information */,
				0DEB0FA222B3E388009E9D9C /* Controller */,
				0DA8BC3E22B4976B009AEB5A /* Connect */,
			);
			path = Presentation;
			sourceTree = "<group>";
		};
		0DC6BD0E22B3D80F00792ABB /* Extension */ = {
			isa = PBXGroup;
			children = (
				0DC6BD0F22B3D82900792ABB /* UIColor+Addition.swift */,
				0D37740522B4E3B5000EFCCC /* Collection+Addition.swift */,
				0D94A76022B50EC800304AB7 /* UIViewController+Addition.swift */,
			);
			path = Extension;
			sourceTree = "<group>";
		};
		0DEB0FA222B3E388009E9D9C /* Controller */ = {
			isa = PBXGroup;
			children = (
				0DC6BD0922B3D6F000792ABB /* ControlViewController.swift */,
				0DC6BD0A22B3D6F000792ABB /* ControlViewController.xib */,
			);
			path = Controller;
			sourceTree = "<group>";
		};
		0DEB0FA322B3E39C009E9D9C /* CustomView */ = {
			isa = PBXGroup;
			children = (
				0DEB0FA822B3E472009E9D9C /* DirectionalPadButton */,
			);
			path = CustomView;
			sourceTree = "<group>";
		};
		0DEB0FA822B3E472009E9D9C /* DirectionalPadButton */ = {
			isa = PBXGroup;
			children = (
				0DEB0FA922B3E49B009E9D9C /* DirectionalPadUpButton.swift */,
				0DEB0FB122B3E4D7009E9D9C /* DirectionalPadUpButton.xib */,
				0DEB0FAB22B3E4A8009E9D9C /* DirectionalPadDownButton.swift */,
				0DEB0FB322B3E4E8009E9D9C /* DirectionalPadDownButton.xib */,
				0DEB0FAD22B3E4B5009E9D9C /* DirectionalPadLeftButton.swift */,
				0DEB0FB522B3E4FB009E9D9C /* DirectionalPadLeftbutton.xib */,
				0DEB0FAF22B3E4C4009E9D9C /* DirectionalPadRightButton.swift */,
				0DEB0FB722B3E510009E9D9C /* DirectionalPadRightButton.xib */,
			);
			path = DirectionalPadButton;
			sourceTree = "<group>";
		};
		0DEB0FB922B49559009E9D9C /* Information */ = {
			isa = PBXGroup;
			children = (
				0DA8BC3A22B495DC009AEB5A /* InformationViewController.swift */,
				0DA8BC3B22B495DC009AEB5A /* InformationViewController.xib */,
			);
			path = Information;
			sourceTree = "<group>";
		};
		73AF7AED384F3509C41B2FD0 /* Pods */ = {
			isa = PBXGroup;
			children = (
				67F182DFFC13D927644E1204 /* Pods-ToioController.debug.xcconfig */,
				D57281A910749A9154FB1B1A /* Pods-ToioController.release.xcconfig */,
				37DF927A28704A064FE75567 /* Pods-ToioControllerTests.debug.xcconfig */,
				30FD08D7F2E8917429E005F9 /* Pods-ToioControllerTests.release.xcconfig */,
				D383107B99481EF468C9BE40 /* Pods-ToioControllerUITests.debug.xcconfig */,
				3881D1C7933616D0B9A1A87A /* Pods-ToioControllerUITests.release.xcconfig */,
			);
			path = Pods;
			sourceTree = "<group>";
		};
		7906129FA4D20DBECF0CCC97 /* Frameworks */ = {
			isa = PBXGroup;
			children = (
				0D9E324922B5E263007B97D7 /* WebKit.framework */,
				E3C45EC4FF5B4A2FE775A5B4 /* Pods_ToioController.framework */,
				FD5D583772A16E301219CEA0 /* Pods_ToioControllerTests.framework */,
				379AC7C24A671ED3D8F97AE1 /* Pods_ToioControllerUITests.framework */,
			);
			name = Frameworks;
			sourceTree = "<group>";
		};
/* End PBXGroup section */

/* Begin PBXNativeTarget section */
		0DC6BCD522B3D02D00792ABB /* ToioController */ = {
			isa = PBXNativeTarget;
			buildConfigurationList = 0DC6BCFE22B3D02E00792ABB /* Build configuration list for PBXNativeTarget "ToioController" */;
			buildPhases = (
				54B4F53740CC9110D7408548 /* [CP] Check Pods Manifest.lock */,
				0DC6BCD222B3D02D00792ABB /* Sources */,
				0DC6BCD322B3D02D00792ABB /* Frameworks */,
				0DC6BCD422B3D02D00792ABB /* Resources */,
				72A5B101E781758E8F377FE4 /* [CP] Embed Pods Frameworks */,
				0DC6BD0722B3D57400792ABB /* SwiftFormat */,
				0DC6BD0822B3D57600792ABB /* SwiftLint */,
			);
			buildRules = (
			);
			dependencies = (
			);
			name = ToioController;
			productName = ToioController;
			productReference = 0DC6BCD622B3D02D00792ABB /* ToioController.app */;
			productType = "com.apple.product-type.application";
		};
		0DC6BCE922B3D02E00792ABB /* ToioControllerTests */ = {
			isa = PBXNativeTarget;
			buildConfigurationList = 0DC6BD0122B3D02E00792ABB /* Build configuration list for PBXNativeTarget "ToioControllerTests" */;
			buildPhases = (
				2E60A7C7937883981A9286C7 /* [CP] Check Pods Manifest.lock */,
				0DC6BCE622B3D02E00792ABB /* Sources */,
				0DC6BCE722B3D02E00792ABB /* Frameworks */,
				0DC6BCE822B3D02E00792ABB /* Resources */,
			);
			buildRules = (
			);
			dependencies = (
				0DC6BCEC22B3D02E00792ABB /* PBXTargetDependency */,
			);
			name = ToioControllerTests;
			productName = ToioControllerTests;
			productReference = 0DC6BCEA22B3D02E00792ABB /* ToioControllerTests.xctest */;
			productType = "com.apple.product-type.bundle.unit-test";
		};
		0DC6BCF422B3D02E00792ABB /* ToioControllerUITests */ = {
			isa = PBXNativeTarget;
			buildConfigurationList = 0DC6BD0422B3D02E00792ABB /* Build configuration list for PBXNativeTarget "ToioControllerUITests" */;
			buildPhases = (
				EFE3A80E960B94A174A5DF25 /* [CP] Check Pods Manifest.lock */,
				0DC6BCF122B3D02E00792ABB /* Sources */,
				0DC6BCF222B3D02E00792ABB /* Frameworks */,
				0DC6BCF322B3D02E00792ABB /* Resources */,
			);
			buildRules = (
			);
			dependencies = (
				0DC6BCF722B3D02E00792ABB /* PBXTargetDependency */,
			);
			name = ToioControllerUITests;
			productName = ToioControllerUITests;
			productReference = 0DC6BCF522B3D02E00792ABB /* ToioControllerUITests.xctest */;
			productType = "com.apple.product-type.bundle.ui-testing";
		};
/* End PBXNativeTarget section */

/* Begin PBXProject section */
		0DC6BCCE22B3D02D00792ABB /* Project object */ = {
			isa = PBXProject;
			attributes = {
				LastSwiftUpdateCheck = 1020;
				LastUpgradeCheck = 1020;
				ORGANIZATIONNAME = "佐川晴海";
				TargetAttributes = {
					0DC6BCD522B3D02D00792ABB = {
						CreatedOnToolsVersion = 10.2;
					};
					0DC6BCE922B3D02E00792ABB = {
						CreatedOnToolsVersion = 10.2;
						TestTargetID = 0DC6BCD522B3D02D00792ABB;
					};
					0DC6BCF422B3D02E00792ABB = {
						CreatedOnToolsVersion = 10.2;
						TestTargetID = 0DC6BCD522B3D02D00792ABB;
					};
				};
			};
			buildConfigurationList = 0DC6BCD122B3D02D00792ABB /* Build configuration list for PBXProject "ToioController" */;
			compatibilityVersion = "Xcode 9.3";
			developmentRegion = en;
			hasScannedForEncodings = 0;
			knownRegions = (
				en,
				Base,
			);
			mainGroup = 0DC6BCCD22B3D02D00792ABB;
			productRefGroup = 0DC6BCD722B3D02D00792ABB /* Products */;
			projectDirPath = "";
			projectRoot = "";
			targets = (
				0DC6BCD522B3D02D00792ABB /* ToioController */,
				0DC6BCE922B3D02E00792ABB /* ToioControllerTests */,
				0DC6BCF422B3D02E00792ABB /* ToioControllerUITests */,
			);
		};
/* End PBXProject section */

/* Begin PBXResourcesBuildPhase section */
		0DC6BCD422B3D02D00792ABB /* Resources */ = {
			isa = PBXResourcesBuildPhase;
			buildActionMask = 2147483647;
			files = (
				0DC6BCE422B3D02E00792ABB /* LaunchScreen.storyboard in Resources */,
				0DA8BC3D22B495DC009AEB5A /* InformationViewController.xib in Resources */,
				0DC6BCE122B3D02E00792ABB /* Assets.xcassets in Resources */,
				0D9E320B22B5CE66007B97D7 /* WebViewController.xib in Resources */,
				0DA8BC4222B4977C009AEB5A /* ConnectViewController.xib in Resources */,
				0DC6BD0C22B3D6F000792ABB /* ControlViewController.xib in Resources */,
				0DC6BCDF22B3D02D00792ABB /* Main.storyboard in Resources */,
			);
			runOnlyForDeploymentPostprocessing = 0;
		};
		0DC6BCE822B3D02E00792ABB /* Resources */ = {
			isa = PBXResourcesBuildPhase;
			buildActionMask = 2147483647;
			files = (
			);
			runOnlyForDeploymentPostprocessing = 0;
		};
		0DC6BCF322B3D02E00792ABB /* Resources */ = {
			isa = PBXResourcesBuildPhase;
			buildActionMask = 2147483647;
			files = (
			);
			runOnlyForDeploymentPostprocessing = 0;
		};
/* End PBXResourcesBuildPhase section */

/* Begin PBXShellScriptBuildPhase section */
		0DC6BD0722B3D57400792ABB /* SwiftFormat */ = {
			isa = PBXShellScriptBuildPhase;
			buildActionMask = 2147483647;
			files = (
			);
			inputFileListPaths = (
			);
			inputPaths = (
			);
			name = SwiftFormat;
			outputFileListPaths = (
			);
			outputPaths = (
			);
			runOnlyForDeploymentPostprocessing = 0;
			shellPath = /bin/sh;
			shellScript = "\"${PODS_ROOT}/SwiftFormat/CommandLineTool/swiftformat\" . --exclude Carthage,Pods --stripunusedargs closure-only --disable strongOutlets,trailingCommas\n\n";
		};
		0DC6BD0822B3D57600792ABB /* SwiftLint */ = {
			isa = PBXShellScriptBuildPhase;
			buildActionMask = 2147483647;
			files = (
			);
			inputFileListPaths = (
			);
			inputPaths = (
			);
			name = SwiftLint;
			outputFileListPaths = (
			);
			outputPaths = (
			);
			runOnlyForDeploymentPostprocessing = 0;
			shellPath = /bin/sh;
			shellScript = "if which \"${PODS_ROOT}/SwiftLint/swiftlint\" >/dev/null; then\n${PODS_ROOT}/SwiftLint/swiftlint\nelse\necho \"warning: SwiftLint not installed, download from https://github.com/realm/SwiftLint\"\nfi\n";
		};
		2E60A7C7937883981A9286C7 /* [CP] Check Pods Manifest.lock */ = {
			isa = PBXShellScriptBuildPhase;
			buildActionMask = 2147483647;
			files = (
			);
			inputFileListPaths = (
			);
			inputPaths = (
				"${PODS_PODFILE_DIR_PATH}/Podfile.lock",
				"${PODS_ROOT}/Manifest.lock",
			);
			name = "[CP] Check Pods Manifest.lock";
			outputFileListPaths = (
			);
			outputPaths = (
				"$(DERIVED_FILE_DIR)/Pods-ToioControllerTests-checkManifestLockResult.txt",
			);
			runOnlyForDeploymentPostprocessing = 0;
			shellPath = /bin/sh;
			shellScript = "diff \"${PODS_PODFILE_DIR_PATH}/Podfile.lock\" \"${PODS_ROOT}/Manifest.lock\" > /dev/null\nif [ $? != 0 ] ; then\n    # print error to STDERR\n    echo \"error: The sandbox is not in sync with the Podfile.lock. Run 'pod install' or update your CocoaPods installation.\" >&2\n    exit 1\nfi\n# This output is used by Xcode 'outputs' to avoid re-running this script phase.\necho \"SUCCESS\" > \"${SCRIPT_OUTPUT_FILE_0}\"\n";
			showEnvVarsInLog = 0;
		};
		54B4F53740CC9110D7408548 /* [CP] Check Pods Manifest.lock */ = {
			isa = PBXShellScriptBuildPhase;
			buildActionMask = 2147483647;
			files = (
			);
			inputFileListPaths = (
			);
			inputPaths = (
				"${PODS_PODFILE_DIR_PATH}/Podfile.lock",
				"${PODS_ROOT}/Manifest.lock",
			);
			name = "[CP] Check Pods Manifest.lock";
			outputFileListPaths = (
			);
			outputPaths = (
				"$(DERIVED_FILE_DIR)/Pods-ToioController-checkManifestLockResult.txt",
			);
			runOnlyForDeploymentPostprocessing = 0;
			shellPath = /bin/sh;
			shellScript = "diff \"${PODS_PODFILE_DIR_PATH}/Podfile.lock\" \"${PODS_ROOT}/Manifest.lock\" > /dev/null\nif [ $? != 0 ] ; then\n    # print error to STDERR\n    echo \"error: The sandbox is not in sync with the Podfile.lock. Run 'pod install' or update your CocoaPods installation.\" >&2\n    exit 1\nfi\n# This output is used by Xcode 'outputs' to avoid re-running this script phase.\necho \"SUCCESS\" > \"${SCRIPT_OUTPUT_FILE_0}\"\n";
			showEnvVarsInLog = 0;
		};
		72A5B101E781758E8F377FE4 /* [CP] Embed Pods Frameworks */ = {
			isa = PBXShellScriptBuildPhase;
			buildActionMask = 2147483647;
			files = (
			);
			inputFileListPaths = (
				"${PODS_ROOT}/Target Support Files/Pods-ToioController/Pods-ToioController-frameworks-${CONFIGURATION}-input-files.xcfilelist",
			);
			name = "[CP] Embed Pods Frameworks";
			outputFileListPaths = (
				"${PODS_ROOT}/Target Support Files/Pods-ToioController/Pods-ToioController-frameworks-${CONFIGURATION}-output-files.xcfilelist",
			);
			runOnlyForDeploymentPostprocessing = 0;
			shellPath = /bin/sh;
			shellScript = "\"${PODS_ROOT}/Target Support Files/Pods-ToioController/Pods-ToioController-frameworks.sh\"\n";
			showEnvVarsInLog = 0;
		};
		EFE3A80E960B94A174A5DF25 /* [CP] Check Pods Manifest.lock */ = {
			isa = PBXShellScriptBuildPhase;
			buildActionMask = 2147483647;
			files = (
			);
			inputFileListPaths = (
			);
			inputPaths = (
				"${PODS_PODFILE_DIR_PATH}/Podfile.lock",
				"${PODS_ROOT}/Manifest.lock",
			);
			name = "[CP] Check Pods Manifest.lock";
			outputFileListPaths = (
			);
			outputPaths = (
				"$(DERIVED_FILE_DIR)/Pods-ToioControllerUITests-checkManifestLockResult.txt",
			);
			runOnlyForDeploymentPostprocessing = 0;
			shellPath = /bin/sh;
			shellScript = "diff \"${PODS_PODFILE_DIR_PATH}/Podfile.lock\" \"${PODS_ROOT}/Manifest.lock\" > /dev/null\nif [ $? != 0 ] ; then\n    # print error to STDERR\n    echo \"error: The sandbox is not in sync with the Podfile.lock. Run 'pod install' or update your CocoaPods installation.\" >&2\n    exit 1\nfi\n# This output is used by Xcode 'outputs' to avoid re-running this script phase.\necho \"SUCCESS\" > \"${SCRIPT_OUTPUT_FILE_0}\"\n";
			showEnvVarsInLog = 0;
		};
/* End PBXShellScriptBuildPhase section */

/* Begin PBXSourcesBuildPhase section */
		0DC6BCD222B3D02D00792ABB /* Sources */ = {
			isa = PBXSourcesBuildPhase;
			buildActionMask = 2147483647;
			files = (
				0DA8BC5922B4ABF9009AEB5A /* OtherInjector.swift in Sources */,
				0DA8BC4F22B49AAA009AEB5A /* ConnectUseCase.swift in Sources */,
				0DEB0FAC22B3E4A8009E9D9C /* DirectionalPadDownButton.swift in Sources */,
				0DC6BD0B22B3D6F000792ABB /* ControlViewController.swift in Sources */,
				0DA8BC4522B498E4009AEB5A /* ConnectInjector.swift in Sources */,
				0D37740222B4E212000EFCCC /* Cube.swift in Sources */,
				0D37740622B4E3B5000EFCCC /* Collection+Addition.swift in Sources */,
				0DA8BC5622B4A84D009AEB5A /* BluetoothError.swift in Sources */,
				0D37740022B4D9AE000EFCCC /* Result.swift in Sources */,
				0DC6BD1022B3D82900792ABB /* UIColor+Addition.swift in Sources */,
				0DEB0FAE22B3E4B5009E9D9C /* DirectionalPadLeftButton.swift in Sources */,
				0D9E320A22B5CE66007B97D7 /* WebViewController.swift in Sources */,
				0D94A75F22B4F3C800304AB7 /* Constant.swift in Sources */,
				0DA8BC4B22B49980009AEB5A /* ConnectWireframe.swift in Sources */,
				0DA8BC4722B4990E009AEB5A /* Injector.swift in Sources */,
				0DA8BC5422B49D7B009AEB5A /* BluetoothService.swift in Sources */,
				0DC6BCDA22B3D02D00792ABB /* AppDelegate.swift in Sources */,
				0DA8BC4922B49968009AEB5A /* ConnectPresenter.swift in Sources */,
				0DEB0FAA22B3E49B009E9D9C /* DirectionalPadUpButton.swift in Sources */,
				0D37740422B4E247000EFCCC /* ToioPeripheral.swift in Sources */,
				0DA8BC4122B4977C009AEB5A /* ConnectViewController.swift in Sources */,
				0D94A76122B50EC800304AB7 /* UIViewController+Addition.swift in Sources */,
				0D3773FD22B4D3FE000EFCCC /* CubeModel.swift in Sources */,
				0DEB0FB022B3E4C4009E9D9C /* DirectionalPadRightButton.swift in Sources */,
				0DA8BC5222B49CBE009AEB5A /* PhoneDeviceUseCase.swift in Sources */,
				0DA8BC3C22B495DC009AEB5A /* InformationViewController.swift in Sources */,
			);
			runOnlyForDeploymentPostprocessing = 0;
		};
		0DC6BCE622B3D02E00792ABB /* Sources */ = {
			isa = PBXSourcesBuildPhase;
			buildActionMask = 2147483647;
			files = (
				0DC6BCEF22B3D02E00792ABB /* ToioControllerTests.swift in Sources */,
			);
			runOnlyForDeploymentPostprocessing = 0;
		};
		0DC6BCF122B3D02E00792ABB /* Sources */ = {
			isa = PBXSourcesBuildPhase;
			buildActionMask = 2147483647;
			files = (
				0DC6BCFA22B3D02E00792ABB /* ToioControllerUITests.swift in Sources */,
			);
			runOnlyForDeploymentPostprocessing = 0;
		};
/* End PBXSourcesBuildPhase section */

/* Begin PBXTargetDependency section */
		0DC6BCEC22B3D02E00792ABB /* PBXTargetDependency */ = {
			isa = PBXTargetDependency;
			target = 0DC6BCD522B3D02D00792ABB /* ToioController */;
			targetProxy = 0DC6BCEB22B3D02E00792ABB /* PBXContainerItemProxy */;
		};
		0DC6BCF722B3D02E00792ABB /* PBXTargetDependency */ = {
			isa = PBXTargetDependency;
			target = 0DC6BCD522B3D02D00792ABB /* ToioController */;
			targetProxy = 0DC6BCF622B3D02E00792ABB /* PBXContainerItemProxy */;
		};
/* End PBXTargetDependency section */

/* Begin PBXVariantGroup section */
		0DC6BCDD22B3D02D00792ABB /* Main.storyboard */ = {
			isa = PBXVariantGroup;
			children = (
				0DC6BCDE22B3D02D00792ABB /* Base */,
			);
			name = Main.storyboard;
			sourceTree = "<group>";
		};
		0DC6BCE222B3D02E00792ABB /* LaunchScreen.storyboard */ = {
			isa = PBXVariantGroup;
			children = (
				0DC6BCE322B3D02E00792ABB /* Base */,
			);
			name = LaunchScreen.storyboard;
			sourceTree = "<group>";
		};
/* End PBXVariantGroup section */

/* Begin XCBuildConfiguration section */
		0DC6BCFC22B3D02E00792ABB /* Debug */ = {
			isa = XCBuildConfiguration;
			buildSettings = {
				ALWAYS_SEARCH_USER_PATHS = NO;
				CLANG_ANALYZER_NONNULL = YES;
				CLANG_ANALYZER_NUMBER_OBJECT_CONVERSION = YES_AGGRESSIVE;
				CLANG_CXX_LANGUAGE_STANDARD = "gnu++14";
				CLANG_CXX_LIBRARY = "libc++";
				CLANG_ENABLE_MODULES = YES;
				CLANG_ENABLE_OBJC_ARC = YES;
				CLANG_ENABLE_OBJC_WEAK = YES;
				CLANG_WARN_BLOCK_CAPTURE_AUTORELEASING = YES;
				CLANG_WARN_BOOL_CONVERSION = YES;
				CLANG_WARN_COMMA = YES;
				CLANG_WARN_CONSTANT_CONVERSION = YES;
				CLANG_WARN_DEPRECATED_OBJC_IMPLEMENTATIONS = YES;
				CLANG_WARN_DIRECT_OBJC_ISA_USAGE = YES_ERROR;
				CLANG_WARN_DOCUMENTATION_COMMENTS = YES;
				CLANG_WARN_EMPTY_BODY = YES;
				CLANG_WARN_ENUM_CONVERSION = YES;
				CLANG_WARN_INFINITE_RECURSION = YES;
				CLANG_WARN_INT_CONVERSION = YES;
				CLANG_WARN_NON_LITERAL_NULL_CONVERSION = YES;
				CLANG_WARN_OBJC_IMPLICIT_RETAIN_SELF = YES;
				CLANG_WARN_OBJC_LITERAL_CONVERSION = YES;
				CLANG_WARN_OBJC_ROOT_CLASS = YES_ERROR;
				CLANG_WARN_RANGE_LOOP_ANALYSIS = YES;
				CLANG_WARN_STRICT_PROTOTYPES = YES;
				CLANG_WARN_SUSPICIOUS_MOVE = YES;
				CLANG_WARN_UNGUARDED_AVAILABILITY = YES_AGGRESSIVE;
				CLANG_WARN_UNREACHABLE_CODE = YES;
				CLANG_WARN__DUPLICATE_METHOD_MATCH = YES;
				CODE_SIGN_IDENTITY = "iPhone Developer";
				COPY_PHASE_STRIP = NO;
				DEBUG_INFORMATION_FORMAT = dwarf;
				ENABLE_STRICT_OBJC_MSGSEND = YES;
				ENABLE_TESTABILITY = YES;
				GCC_C_LANGUAGE_STANDARD = gnu11;
				GCC_DYNAMIC_NO_PIC = NO;
				GCC_NO_COMMON_BLOCKS = YES;
				GCC_OPTIMIZATION_LEVEL = 0;
				GCC_PREPROCESSOR_DEFINITIONS = (
					"DEBUG=1",
					"$(inherited)",
				);
				GCC_WARN_64_TO_32_BIT_CONVERSION = YES;
				GCC_WARN_ABOUT_RETURN_TYPE = YES_ERROR;
				GCC_WARN_UNDECLARED_SELECTOR = YES;
				GCC_WARN_UNINITIALIZED_AUTOS = YES_AGGRESSIVE;
				GCC_WARN_UNUSED_FUNCTION = YES;
				GCC_WARN_UNUSED_VARIABLE = YES;
				IPHONEOS_DEPLOYMENT_TARGET = 12.2;
				MTL_ENABLE_DEBUG_INFO = INCLUDE_SOURCE;
				MTL_FAST_MATH = YES;
				ONLY_ACTIVE_ARCH = YES;
				SDKROOT = iphoneos;
				SWIFT_ACTIVE_COMPILATION_CONDITIONS = DEBUG;
				SWIFT_OPTIMIZATION_LEVEL = "-Onone";
			};
			name = Debug;
		};
		0DC6BCFD22B3D02E00792ABB /* Release */ = {
			isa = XCBuildConfiguration;
			buildSettings = {
				ALWAYS_SEARCH_USER_PATHS = NO;
				CLANG_ANALYZER_NONNULL = YES;
				CLANG_ANALYZER_NUMBER_OBJECT_CONVERSION = YES_AGGRESSIVE;
				CLANG_CXX_LANGUAGE_STANDARD = "gnu++14";
				CLANG_CXX_LIBRARY = "libc++";
				CLANG_ENABLE_MODULES = YES;
				CLANG_ENABLE_OBJC_ARC = YES;
				CLANG_ENABLE_OBJC_WEAK = YES;
				CLANG_WARN_BLOCK_CAPTURE_AUTORELEASING = YES;
				CLANG_WARN_BOOL_CONVERSION = YES;
				CLANG_WARN_COMMA = YES;
				CLANG_WARN_CONSTANT_CONVERSION = YES;
				CLANG_WARN_DEPRECATED_OBJC_IMPLEMENTATIONS = YES;
				CLANG_WARN_DIRECT_OBJC_ISA_USAGE = YES_ERROR;
				CLANG_WARN_DOCUMENTATION_COMMENTS = YES;
				CLANG_WARN_EMPTY_BODY = YES;
				CLANG_WARN_ENUM_CONVERSION = YES;
				CLANG_WARN_INFINITE_RECURSION = YES;
				CLANG_WARN_INT_CONVERSION = YES;
				CLANG_WARN_NON_LITERAL_NULL_CONVERSION = YES;
				CLANG_WARN_OBJC_IMPLICIT_RETAIN_SELF = YES;
				CLANG_WARN_OBJC_LITERAL_CONVERSION = YES;
				CLANG_WARN_OBJC_ROOT_CLASS = YES_ERROR;
				CLANG_WARN_RANGE_LOOP_ANALYSIS = YES;
				CLANG_WARN_STRICT_PROTOTYPES = YES;
				CLANG_WARN_SUSPICIOUS_MOVE = YES;
				CLANG_WARN_UNGUARDED_AVAILABILITY = YES_AGGRESSIVE;
				CLANG_WARN_UNREACHABLE_CODE = YES;
				CLANG_WARN__DUPLICATE_METHOD_MATCH = YES;
				CODE_SIGN_IDENTITY = "iPhone Developer";
				COPY_PHASE_STRIP = NO;
				DEBUG_INFORMATION_FORMAT = "dwarf-with-dsym";
				ENABLE_NS_ASSERTIONS = NO;
				ENABLE_STRICT_OBJC_MSGSEND = YES;
				GCC_C_LANGUAGE_STANDARD = gnu11;
				GCC_NO_COMMON_BLOCKS = YES;
				GCC_WARN_64_TO_32_BIT_CONVERSION = YES;
				GCC_WARN_ABOUT_RETURN_TYPE = YES_ERROR;
				GCC_WARN_UNDECLARED_SELECTOR = YES;
				GCC_WARN_UNINITIALIZED_AUTOS = YES_AGGRESSIVE;
				GCC_WARN_UNUSED_FUNCTION = YES;
				GCC_WARN_UNUSED_VARIABLE = YES;
				IPHONEOS_DEPLOYMENT_TARGET = 12.2;
				MTL_ENABLE_DEBUG_INFO = NO;
				MTL_FAST_MATH = YES;
				SDKROOT = iphoneos;
				SWIFT_COMPILATION_MODE = wholemodule;
				SWIFT_OPTIMIZATION_LEVEL = "-O";
				VALIDATE_PRODUCT = YES;
			};
			name = Release;
		};
		0DC6BCFF22B3D02E00792ABB /* Debug */ = {
			isa = XCBuildConfiguration;
			baseConfigurationReference = 67F182DFFC13D927644E1204 /* Pods-ToioController.debug.xcconfig */;
			buildSettings = {
				ASSETCATALOG_COMPILER_APPICON_NAME = AppIcon;
				CODE_SIGN_STYLE = Automatic;
				DEVELOPMENT_TEAM = 24BSY9Z4H5;
				INFOPLIST_FILE = ToioController/Info.plist;
				LD_RUNPATH_SEARCH_PATHS = (
					"$(inherited)",
					"@executable_path/Frameworks",
				);
				PRODUCT_BUNDLE_IDENTIFIER = harumidiv.ToioController;
				PRODUCT_NAME = "$(TARGET_NAME)";
				SWIFT_VERSION = 5.0;
				TARGETED_DEVICE_FAMILY = 1;
			};
			name = Debug;
		};
		0DC6BD0022B3D02E00792ABB /* Release */ = {
			isa = XCBuildConfiguration;
			baseConfigurationReference = D57281A910749A9154FB1B1A /* Pods-ToioController.release.xcconfig */;
			buildSettings = {
				ASSETCATALOG_COMPILER_APPICON_NAME = AppIcon;
				CODE_SIGN_STYLE = Automatic;
				DEVELOPMENT_TEAM = 24BSY9Z4H5;
				INFOPLIST_FILE = ToioController/Info.plist;
				LD_RUNPATH_SEARCH_PATHS = (
					"$(inherited)",
					"@executable_path/Frameworks",
				);
				PRODUCT_BUNDLE_IDENTIFIER = harumidiv.ToioController;
				PRODUCT_NAME = "$(TARGET_NAME)";
				SWIFT_VERSION = 5.0;
				TARGETED_DEVICE_FAMILY = 1;
			};
			name = Release;
		};
		0DC6BD0222B3D02E00792ABB /* Debug */ = {
			isa = XCBuildConfiguration;
			baseConfigurationReference = 37DF927A28704A064FE75567 /* Pods-ToioControllerTests.debug.xcconfig */;
			buildSettings = {
				ALWAYS_EMBED_SWIFT_STANDARD_LIBRARIES = YES;
				BUNDLE_LOADER = "$(TEST_HOST)";
				CODE_SIGN_STYLE = Automatic;
				DEVELOPMENT_TEAM = 24BSY9Z4H5;
				INFOPLIST_FILE = ToioControllerTests/Info.plist;
				LD_RUNPATH_SEARCH_PATHS = (
					"$(inherited)",
					"@executable_path/Frameworks",
					"@loader_path/Frameworks",
				);
				PRODUCT_BUNDLE_IDENTIFIER = harumidiv.ToioControllerTests;
				PRODUCT_NAME = "$(TARGET_NAME)";
				SWIFT_VERSION = 5.0;
				TARGETED_DEVICE_FAMILY = "1,2";
				TEST_HOST = "$(BUILT_PRODUCTS_DIR)/ToioController.app/ToioController";
			};
			name = Debug;
		};
		0DC6BD0322B3D02E00792ABB /* Release */ = {
			isa = XCBuildConfiguration;
			baseConfigurationReference = 30FD08D7F2E8917429E005F9 /* Pods-ToioControllerTests.release.xcconfig */;
			buildSettings = {
				ALWAYS_EMBED_SWIFT_STANDARD_LIBRARIES = YES;
				BUNDLE_LOADER = "$(TEST_HOST)";
				CODE_SIGN_STYLE = Automatic;
				DEVELOPMENT_TEAM = 24BSY9Z4H5;
				INFOPLIST_FILE = ToioControllerTests/Info.plist;
				LD_RUNPATH_SEARCH_PATHS = (
					"$(inherited)",
					"@executable_path/Frameworks",
					"@loader_path/Frameworks",
				);
				PRODUCT_BUNDLE_IDENTIFIER = harumidiv.ToioControllerTests;
				PRODUCT_NAME = "$(TARGET_NAME)";
				SWIFT_VERSION = 5.0;
				TARGETED_DEVICE_FAMILY = "1,2";
				TEST_HOST = "$(BUILT_PRODUCTS_DIR)/ToioController.app/ToioController";
			};
			name = Release;
		};
		0DC6BD0522B3D02E00792ABB /* Debug */ = {
			isa = XCBuildConfiguration;
			baseConfigurationReference = D383107B99481EF468C9BE40 /* Pods-ToioControllerUITests.debug.xcconfig */;
			buildSettings = {
				ALWAYS_EMBED_SWIFT_STANDARD_LIBRARIES = YES;
				CODE_SIGN_STYLE = Automatic;
				DEVELOPMENT_TEAM = 24BSY9Z4H5;
				INFOPLIST_FILE = ToioControllerUITests/Info.plist;
				LD_RUNPATH_SEARCH_PATHS = (
					"$(inherited)",
					"@executable_path/Frameworks",
					"@loader_path/Frameworks",
				);
				PRODUCT_BUNDLE_IDENTIFIER = harumidiv.ToioControllerUITests;
				PRODUCT_NAME = "$(TARGET_NAME)";
				SWIFT_VERSION = 5.0;
				TARGETED_DEVICE_FAMILY = "1,2";
				TEST_TARGET_NAME = ToioController;
			};
			name = Debug;
		};
		0DC6BD0622B3D02E00792ABB /* Release */ = {
			isa = XCBuildConfiguration;
			baseConfigurationReference = 3881D1C7933616D0B9A1A87A /* Pods-ToioControllerUITests.release.xcconfig */;
			buildSettings = {
				ALWAYS_EMBED_SWIFT_STANDARD_LIBRARIES = YES;
				CODE_SIGN_STYLE = Automatic;
				DEVELOPMENT_TEAM = 24BSY9Z4H5;
				INFOPLIST_FILE = ToioControllerUITests/Info.plist;
				LD_RUNPATH_SEARCH_PATHS = (
					"$(inherited)",
					"@executable_path/Frameworks",
					"@loader_path/Frameworks",
				);
				PRODUCT_BUNDLE_IDENTIFIER = harumidiv.ToioControllerUITests;
				PRODUCT_NAME = "$(TARGET_NAME)";
				SWIFT_VERSION = 5.0;
				TARGETED_DEVICE_FAMILY = "1,2";
				TEST_TARGET_NAME = ToioController;
			};
			name = Release;
		};
/* End XCBuildConfiguration section */

/* Begin XCConfigurationList section */
		0DC6BCD122B3D02D00792ABB /* Build configuration list for PBXProject "ToioController" */ = {
			isa = XCConfigurationList;
			buildConfigurations = (
				0DC6BCFC22B3D02E00792ABB /* Debug */,
				0DC6BCFD22B3D02E00792ABB /* Release */,
			);
			defaultConfigurationIsVisible = 0;
			defaultConfigurationName = Release;
		};
		0DC6BCFE22B3D02E00792ABB /* Build configuration list for PBXNativeTarget "ToioController" */ = {
			isa = XCConfigurationList;
			buildConfigurations = (
				0DC6BCFF22B3D02E00792ABB /* Debug */,
				0DC6BD0022B3D02E00792ABB /* Release */,
			);
			defaultConfigurationIsVisible = 0;
			defaultConfigurationName = Release;
		};
		0DC6BD0122B3D02E00792ABB /* Build configuration list for PBXNativeTarget "ToioControllerTests" */ = {
			isa = XCConfigurationList;
			buildConfigurations = (
				0DC6BD0222B3D02E00792ABB /* Debug */,
				0DC6BD0322B3D02E00792ABB /* Release */,
			);
			defaultConfigurationIsVisible = 0;
			defaultConfigurationName = Release;
		};
		0DC6BD0422B3D02E00792ABB /* Build configuration list for PBXNativeTarget "ToioControllerUITests" */ = {
			isa = XCConfigurationList;
			buildConfigurations = (
				0DC6BD0522B3D02E00792ABB /* Debug */,
				0DC6BD0622B3D02E00792ABB /* Release */,
			);
			defaultConfigurationIsVisible = 0;
			defaultConfigurationName = Release;
		};
/* End XCConfigurationList section */
	};
	rootObject = 0DC6BCCE22B3D02D00792ABB /* Project object */;
}
